
Microsoft Visual Studio Solution File, Format Version 12.00
# Visual Studio Version 17
VisualStudioVersion = 17.0.31903.59
MinimumVisualStudioVersion = 10.0.40219.1
Project("{2150E333-8FDC-42A3-9474-1A3956D46DE8}") = "src", "src", "{6948CA5D-FC61-4BA4-88A4-20961AE69413}"
EndProject
Project("{2150E333-8FDC-42A3-9474-1A3956D46DE8}") = "APIGateways", "APIGateways", "{D363E9C7-80F8-4F55-B3EA-ED3CB6CAC4F6}"
EndProject
Project("{2150E333-8FDC-42A3-9474-1A3956D46DE8}") = "WebAPIGateway", "WebAPIGateway", "{E9734A7A-6C9B-47BB-ACC8-ABBE9F883227}"
EndProject
Project("{9A19103F-16F7-4668-BE54-9A1E7A4F7556}") = "Web.APIGateway", "src\APIGateways\WebAPIGateway\Web.APIGateway\Web.APIGateway.csproj", "{F62C2800-5D49-4B0D-9C85-9ADC9C3437D1}"
EndProject
Project("{2150E333-8FDC-42A3-9474-1A3956D46DE8}") = "BuildingBlock", "BuildingBlock", "{80F68FBB-BC4F-4F06-AE47-3CEB7E3EED05}"
EndProject
Project("{2150E333-8FDC-42A3-9474-1A3956D46DE8}") = "EventBus", "EventBus", "{15CFCCF6-5112-47DA-BE31-BF4BFFADBFE3}"
EndProject
Project("{9A19103F-16F7-4668-BE54-9A1E7A4F7556}") = "EventBus.Base", "src\BuildingBlock\EventBus\EventBus.Base\EventBus.Base.csproj", "{E4D565A0-D376-422D-AC79-60C44CBF3C04}"
EndProject
Project("{9A19103F-16F7-4668-BE54-9A1E7A4F7556}") = "EventBus.Factory", "src\BuildingBlock\EventBus\EventBus.Factory\EventBus.Factory.csproj", "{97ED23D1-851E-4908-96FB-24C60EAF1BC5}"
EndProject
Project("{9A19103F-16F7-4668-BE54-9A1E7A4F7556}") = "EventBus.AzureServiceBus", "src\BuildingBlock\EventBus\EventBus.AzureServiceBus\EventBus.AzureServiceBus.csproj", "{88C864B8-3C3A-4107-80AA-F273457C7336}"
EndProject
Project("{9A19103F-16F7-4668-BE54-9A1E7A4F7556}") = "EventBus.RabbitMQ", "src\BuildingBlock\EventBus\EventBus.RabbitMQ\EventBus.RabbitMQ.csproj", "{C24C0C29-CE34-47E2-97C7-27F9343B8118}"
EndProject
Project("{2150E333-8FDC-42A3-9474-1A3956D46DE8}") = "Clients", "Clients", "{AA2E7712-C2CB-4F02-8D10-9E75C2545B7C}"
EndProject
Project("{2150E333-8FDC-42A3-9474-1A3956D46DE8}") = "BlazorWebApp", "BlazorWebApp", "{59301933-3000-4D31-943D-7536D1C0E909}"
EndProject
Project("{9A19103F-16F7-4668-BE54-9A1E7A4F7556}") = "WebApp", "src\Clients\BlazorWebApp\WebApp\WebApp.csproj", "{270F619A-F0B1-4C5D-A9DE-54B6738DBEDA}"
EndProject
Project("{2150E333-8FDC-42A3-9474-1A3956D46DE8}") = "Services", "Services", "{F7467C09-4A3E-4ED3-81A0-E2DC41086BF7}"
EndProject
Project("{2150E333-8FDC-42A3-9474-1A3956D46DE8}") = "BasketService", "BasketService", "{AB23F44F-F3A4-4EE6-B40D-387CD681E340}"
EndProject
Project("{9A19103F-16F7-4668-BE54-9A1E7A4F7556}") = "BasketService.API", "src\Services\BasketService\BasketService.API\BasketService.API.csproj", "{7A576B34-D359-4B9A-87CD-BCD9CDC2B909}"
EndProject
Project("{2150E333-8FDC-42A3-9474-1A3956D46DE8}") = "CatalogService", "CatalogService", "{DF0DB8F6-DDF4-4D1B-A179-8FC11EF8EB12}"
EndProject
Project("{9A19103F-16F7-4668-BE54-9A1E7A4F7556}") = "CatalogService.API", "src\Services\CatalogService\CatalogService.API\CatalogService.API.csproj", "{C7F6C153-26CC-419F-B3F0-77E0AA18024E}"
EndProject
Project("{2150E333-8FDC-42A3-9474-1A3956D46DE8}") = "IdentityService", "IdentityService", "{CC977321-31D7-4D8A-AB8A-8D70BDD5EDC5}"
EndProject
Project("{9A19103F-16F7-4668-BE54-9A1E7A4F7556}") = "IdentityService.API", "src\Services\IdentityService\IdentityService.API\IdentityService.API.csproj", "{D5EF7FCE-CC20-4D13-B01C-D12076872398}"
EndProject
Project("{2150E333-8FDC-42A3-9474-1A3956D46DE8}") = "NotificationService", "NotificationService", "{478B6AB7-4E15-42A0-BE34-4ED01F100AB3}"
EndProject
Project("{9A19103F-16F7-4668-BE54-9A1E7A4F7556}") = "NotificationService", "src\Services\NotificationService\NotificationService\NotificationService.csproj", "{86A094CA-A170-4C48-9CDA-9C86C622A153}"
EndProject
Project("{2150E333-8FDC-42A3-9474-1A3956D46DE8}") = "OrderService", "OrderService", "{B82CCB29-97C3-4111-8CD4-0B051CA1D900}"
EndProject
Project("{9A19103F-16F7-4668-BE54-9A1E7A4F7556}") = "OrderService.API", "src\Services\OrderService\OrderService.API\OrderService.API.csproj", "{890EA120-22FF-4376-B33A-A485DE88D30E}"
EndProject
Project("{9A19103F-16F7-4668-BE54-9A1E7A4F7556}") = "OrderService.Application", "src\Services\OrderService\OrderService.Application\OrderService.Application.csproj", "{C2190A52-49E7-4DBE-BCB1-1A0A20441983}"
EndProject
Project("{9A19103F-16F7-4668-BE54-9A1E7A4F7556}") = "OrderService.Domain", "src\Services\OrderService\OrderService.Domain\OrderService.Domain.csproj", "{364FC646-8B9A-48DD-9E9D-F4CE7A779CB6}"
EndProject
Project("{9A19103F-16F7-4668-BE54-9A1E7A4F7556}") = "OrderService.Infrastructure", "src\Services\OrderService\OrderService.Infrastructure\OrderService.Infrastructure.csproj", "{F55DEFD0-7089-4770-917A-E92FBE9DD183}"
EndProject
Project("{2150E333-8FDC-42A3-9474-1A3956D46DE8}") = "PaymentService", "PaymentService", "{5DAED596-5110-481B-ABF5-AC33FA5D3052}"
EndProject
Project("{9A19103F-16F7-4668-BE54-9A1E7A4F7556}") = "PaymentService.API", "src\Services\PaymentService\PaymentService.API\PaymentService.API.csproj", "{0C7AD1FE-5059-49A1-9A76-6DE102099B8A}"
EndProject
Project("{2150E333-8FDC-42A3-9474-1A3956D46DE8}") = "Solution Items", "Solution Items", "{F87F8F68-183E-4DE3-A26B-71A06213125F}"
	ProjectSection(SolutionItems) = preProject
		Solution Items\ServiceUrls.txt = Solution Items\ServiceUrls.txt
	EndProjectSection
EndProject
Project("{2150E333-8FDC-42A3-9474-1A3956D46DE8}") = "tests", "tests", "{18CB8FC5-8CB1-450A-97D0-6878D3F095E5}"
EndProject
Project("{2150E333-8FDC-42A3-9474-1A3956D46DE8}") = "BuildingBlocks", "BuildingBlocks", "{5A0154A3-5834-46FC-9894-26ACCF38D7EB}"
EndProject
Project("{FAE04EC0-301F-11D3-BF4B-00C04F79EFBC}") = "EventBus.UnitTest", "tests\BuildingBlocks\EventBus.UnitTest\EventBus.UnitTest.csproj", "{5EA5D369-1183-413D-8445-E10EE3EA8BEF}"
EndProject
Global
	GlobalSection(SolutionConfigurationPlatforms) = preSolution
		Debug|Any CPU = Debug|Any CPU
		Release|Any CPU = Release|Any CPU
	EndGlobalSection
	GlobalSection(ProjectConfigurationPlatforms) = postSolution
		{F62C2800-5D49-4B0D-9C85-9ADC9C3437D1}.Debug|Any CPU.ActiveCfg = Debug|Any CPU
		{F62C2800-5D49-4B0D-9C85-9ADC9C3437D1}.Debug|Any CPU.Build.0 = Debug|Any CPU
		{F62C2800-5D49-4B0D-9C85-9ADC9C3437D1}.Release|Any CPU.ActiveCfg = Release|Any CPU
		{F62C2800-5D49-4B0D-9C85-9ADC9C3437D1}.Release|Any CPU.Build.0 = Release|Any CPU
		{E4D565A0-D376-422D-AC79-60C44CBF3C04}.Debug|Any CPU.ActiveCfg = Debug|Any CPU
		{E4D565A0-D376-422D-AC79-60C44CBF3C04}.Debug|Any CPU.Build.0 = Debug|Any CPU
		{E4D565A0-D376-422D-AC79-60C44CBF3C04}.Release|Any CPU.ActiveCfg = Release|Any CPU
		{E4D565A0-D376-422D-AC79-60C44CBF3C04}.Release|Any CPU.Build.0 = Release|Any CPU
		{97ED23D1-851E-4908-96FB-24C60EAF1BC5}.Debug|Any CPU.ActiveCfg = Debug|Any CPU
		{97ED23D1-851E-4908-96FB-24C60EAF1BC5}.Debug|Any CPU.Build.0 = Debug|Any CPU
		{97ED23D1-851E-4908-96FB-24C60EAF1BC5}.Release|Any CPU.ActiveCfg = Release|Any CPU
		{97ED23D1-851E-4908-96FB-24C60EAF1BC5}.Release|Any CPU.Build.0 = Release|Any CPU
		{88C864B8-3C3A-4107-80AA-F273457C7336}.Debug|Any CPU.ActiveCfg = Debug|Any CPU
		{88C864B8-3C3A-4107-80AA-F273457C7336}.Debug|Any CPU.Build.0 = Debug|Any CPU
		{88C864B8-3C3A-4107-80AA-F273457C7336}.Release|Any CPU.ActiveCfg = Release|Any CPU
		{88C864B8-3C3A-4107-80AA-F273457C7336}.Release|Any CPU.Build.0 = Release|Any CPU
		{C24C0C29-CE34-47E2-97C7-27F9343B8118}.Debug|Any CPU.ActiveCfg = Debug|Any CPU
		{C24C0C29-CE34-47E2-97C7-27F9343B8118}.Debug|Any CPU.Build.0 = Debug|Any CPU
		{C24C0C29-CE34-47E2-97C7-27F9343B8118}.Release|Any CPU.ActiveCfg = Release|Any CPU
		{C24C0C29-CE34-47E2-97C7-27F9343B8118}.Release|Any CPU.Build.0 = Release|Any CPU
		{270F619A-F0B1-4C5D-A9DE-54B6738DBEDA}.Debug|Any CPU.ActiveCfg = Debug|Any CPU
		{270F619A-F0B1-4C5D-A9DE-54B6738DBEDA}.Debug|Any CPU.Build.0 = Debug|Any CPU
		{270F619A-F0B1-4C5D-A9DE-54B6738DBEDA}.Release|Any CPU.ActiveCfg = Release|Any CPU
		{270F619A-F0B1-4C5D-A9DE-54B6738DBEDA}.Release|Any CPU.Build.0 = Release|Any CPU
		{7A576B34-D359-4B9A-87CD-BCD9CDC2B909}.Debug|Any CPU.ActiveCfg = Debug|Any CPU
		{7A576B34-D359-4B9A-87CD-BCD9CDC2B909}.Debug|Any CPU.Build.0 = Debug|Any CPU
		{7A576B34-D359-4B9A-87CD-BCD9CDC2B909}.Release|Any CPU.ActiveCfg = Release|Any CPU
		{7A576B34-D359-4B9A-87CD-BCD9CDC2B909}.Release|Any CPU.Build.0 = Release|Any CPU
		{C7F6C153-26CC-419F-B3F0-77E0AA18024E}.Debug|Any CPU.ActiveCfg = Debug|Any CPU
		{C7F6C153-26CC-419F-B3F0-77E0AA18024E}.Debug|Any CPU.Build.0 = Debug|Any CPU
		{C7F6C153-26CC-419F-B3F0-77E0AA18024E}.Release|Any CPU.ActiveCfg = Release|Any CPU
		{C7F6C153-26CC-419F-B3F0-77E0AA18024E}.Release|Any CPU.Build.0 = Release|Any CPU
		{D5EF7FCE-CC20-4D13-B01C-D12076872398}.Debug|Any CPU.ActiveCfg = Debug|Any CPU
		{D5EF7FCE-CC20-4D13-B01C-D12076872398}.Debug|Any CPU.Build.0 = Debug|Any CPU
		{D5EF7FCE-CC20-4D13-B01C-D12076872398}.Release|Any CPU.ActiveCfg = Release|Any CPU
		{D5EF7FCE-CC20-4D13-B01C-D12076872398}.Release|Any CPU.Build.0 = Release|Any CPU
		{86A094CA-A170-4C48-9CDA-9C86C622A153}.Debug|Any CPU.ActiveCfg = Debug|Any CPU
		{86A094CA-A170-4C48-9CDA-9C86C622A153}.Debug|Any CPU.Build.0 = Debug|Any CPU
		{86A094CA-A170-4C48-9CDA-9C86C622A153}.Release|Any CPU.ActiveCfg = Release|Any CPU
		{86A094CA-A170-4C48-9CDA-9C86C622A153}.Release|Any CPU.Build.0 = Release|Any CPU
		{890EA120-22FF-4376-B33A-A485DE88D30E}.Debug|Any CPU.ActiveCfg = Debug|Any CPU
		{890EA120-22FF-4376-B33A-A485DE88D30E}.Debug|Any CPU.Build.0 = Debug|Any CPU
		{890EA120-22FF-4376-B33A-A485DE88D30E}.Release|Any CPU.ActiveCfg = Release|Any CPU
		{890EA120-22FF-4376-B33A-A485DE88D30E}.Release|Any CPU.Build.0 = Release|Any CPU
		{C2190A52-49E7-4DBE-BCB1-1A0A20441983}.Debug|Any CPU.ActiveCfg = Debug|Any CPU
		{C2190A52-49E7-4DBE-BCB1-1A0A20441983}.Debug|Any CPU.Build.0 = Debug|Any CPU
		{C2190A52-49E7-4DBE-BCB1-1A0A20441983}.Release|Any CPU.ActiveCfg = Release|Any CPU
		{C2190A52-49E7-4DBE-BCB1-1A0A20441983}.Release|Any CPU.Build.0 = Release|Any CPU
		{364FC646-8B9A-48DD-9E9D-F4CE7A779CB6}.Debug|Any CPU.ActiveCfg = Debug|Any CPU
		{364FC646-8B9A-48DD-9E9D-F4CE7A779CB6}.Debug|Any CPU.Build.0 = Debug|Any CPU
		{364FC646-8B9A-48DD-9E9D-F4CE7A779CB6}.Release|Any CPU.ActiveCfg = Release|Any CPU
		{364FC646-8B9A-48DD-9E9D-F4CE7A779CB6}.Release|Any CPU.Build.0 = Release|Any CPU
		{F55DEFD0-7089-4770-917A-E92FBE9DD183}.Debug|Any CPU.ActiveCfg = Debug|Any CPU
		{F55DEFD0-7089-4770-917A-E92FBE9DD183}.Debug|Any CPU.Build.0 = Debug|Any CPU
		{F55DEFD0-7089-4770-917A-E92FBE9DD183}.Release|Any CPU.ActiveCfg = Release|Any CPU
		{F55DEFD0-7089-4770-917A-E92FBE9DD183}.Release|Any CPU.Build.0 = Release|Any CPU
		{0C7AD1FE-5059-49A1-9A76-6DE102099B8A}.Debug|Any CPU.ActiveCfg = Debug|Any CPU
		{0C7AD1FE-5059-49A1-9A76-6DE102099B8A}.Debug|Any CPU.Build.0 = Debug|Any CPU
		{0C7AD1FE-5059-49A1-9A76-6DE102099B8A}.Release|Any CPU.ActiveCfg = Release|Any CPU
		{0C7AD1FE-5059-49A1-9A76-6DE102099B8A}.Release|Any CPU.Build.0 = Release|Any CPU
		{5EA5D369-1183-413D-8445-E10EE3EA8BEF}.Debug|Any CPU.ActiveCfg = Debug|Any CPU
		{5EA5D369-1183-413D-8445-E10EE3EA8BEF}.Debug|Any CPU.Build.0 = Debug|Any CPU
		{5EA5D369-1183-413D-8445-E10EE3EA8BEF}.Release|Any CPU.ActiveCfg = Release|Any CPU
		{5EA5D369-1183-413D-8445-E10EE3EA8BEF}.Release|Any CPU.Build.0 = Release|Any CPU
	EndGlobalSection
	GlobalSection(SolutionProperties) = preSolution
		HideSolutionNode = FALSE
	EndGlobalSection
	GlobalSection(NestedProjects) = preSolution
		{D363E9C7-80F8-4F55-B3EA-ED3CB6CAC4F6} = {6948CA5D-FC61-4BA4-88A4-20961AE69413}
		{E9734A7A-6C9B-47BB-ACC8-ABBE9F883227} = {D363E9C7-80F8-4F55-B3EA-ED3CB6CAC4F6}
		{F62C2800-5D49-4B0D-9C85-9ADC9C3437D1} = {E9734A7A-6C9B-47BB-ACC8-ABBE9F883227}
		{80F68FBB-BC4F-4F06-AE47-3CEB7E3EED05} = {6948CA5D-FC61-4BA4-88A4-20961AE69413}
		{15CFCCF6-5112-47DA-BE31-BF4BFFADBFE3} = {80F68FBB-BC4F-4F06-AE47-3CEB7E3EED05}
		{E4D565A0-D376-422D-AC79-60C44CBF3C04} = {15CFCCF6-5112-47DA-BE31-BF4BFFADBFE3}
		{97ED23D1-851E-4908-96FB-24C60EAF1BC5} = {15CFCCF6-5112-47DA-BE31-BF4BFFADBFE3}
		{88C864B8-3C3A-4107-80AA-F273457C7336} = {15CFCCF6-5112-47DA-BE31-BF4BFFADBFE3}
		{C24C0C29-CE34-47E2-97C7-27F9343B8118} = {15CFCCF6-5112-47DA-BE31-BF4BFFADBFE3}
		{AA2E7712-C2CB-4F02-8D10-9E75C2545B7C} = {6948CA5D-FC61-4BA4-88A4-20961AE69413}
		{59301933-3000-4D31-943D-7536D1C0E909} = {AA2E7712-C2CB-4F02-8D10-9E75C2545B7C}
		{270F619A-F0B1-4C5D-A9DE-54B6738DBEDA} = {59301933-3000-4D31-943D-7536D1C0E909}
		{F7467C09-4A3E-4ED3-81A0-E2DC41086BF7} = {6948CA5D-FC61-4BA4-88A4-20961AE69413}
		{AB23F44F-F3A4-4EE6-B40D-387CD681E340} = {F7467C09-4A3E-4ED3-81A0-E2DC41086BF7}
		{7A576B34-D359-4B9A-87CD-BCD9CDC2B909} = {AB23F44F-F3A4-4EE6-B40D-387CD681E340}
		{DF0DB8F6-DDF4-4D1B-A179-8FC11EF8EB12} = {F7467C09-4A3E-4ED3-81A0-E2DC41086BF7}
		{C7F6C153-26CC-419F-B3F0-77E0AA18024E} = {DF0DB8F6-DDF4-4D1B-A179-8FC11EF8EB12}
		{CC977321-31D7-4D8A-AB8A-8D70BDD5EDC5} = {F7467C09-4A3E-4ED3-81A0-E2DC41086BF7}
		{D5EF7FCE-CC20-4D13-B01C-D12076872398} = {CC977321-31D7-4D8A-AB8A-8D70BDD5EDC5}
		{478B6AB7-4E15-42A0-BE34-4ED01F100AB3} = {F7467C09-4A3E-4ED3-81A0-E2DC41086BF7}
		{86A094CA-A170-4C48-9CDA-9C86C622A153} = {478B6AB7-4E15-42A0-BE34-4ED01F100AB3}
		{B82CCB29-97C3-4111-8CD4-0B051CA1D900} = {F7467C09-4A3E-4ED3-81A0-E2DC41086BF7}
		{890EA120-22FF-4376-B33A-A485DE88D30E} = {B82CCB29-97C3-4111-8CD4-0B051CA1D900}
		{C2190A52-49E7-4DBE-BCB1-1A0A20441983} = {B82CCB29-97C3-4111-8CD4-0B051CA1D900}
		{364FC646-8B9A-48DD-9E9D-F4CE7A779CB6} = {B82CCB29-97C3-4111-8CD4-0B051CA1D900}
		{F55DEFD0-7089-4770-917A-E92FBE9DD183} = {B82CCB29-97C3-4111-8CD4-0B051CA1D900}
		{5DAED596-5110-481B-ABF5-AC33FA5D3052} = {F7467C09-4A3E-4ED3-81A0-E2DC41086BF7}
		{0C7AD1FE-5059-49A1-9A76-6DE102099B8A} = {5DAED596-5110-481B-ABF5-AC33FA5D3052}
		{5A0154A3-5834-46FC-9894-26ACCF38D7EB} = {18CB8FC5-8CB1-450A-97D0-6878D3F095E5}
		{5EA5D369-1183-413D-8445-E10EE3EA8BEF} = {5A0154A3-5834-46FC-9894-26ACCF38D7EB}
	EndGlobalSection
	GlobalSection(ExtensibilityGlobals) = postSolution
		SolutionGuid = {BA7EEF19-E124-4D78-853A-C97A82B4B10E}
	EndGlobalSection
EndGlobal
